{
  "name": "bbn-upload-to-yakyak",
  "version": "1.0.0",
  "lockfileVersion": 3,
  "requires": true,
  "packages": {
    "": {
      "name": "bbn-upload-to-yakyak",
      "version": "1.0.0",
      "dependencies": {
        "yakyak-sdk": "^0.0.7"
      },
      "bin": {
        "upload-to-yakyak": "upload_to_yakyak.js"
      }
    },
    "node_modules/yakyak-sdk": {
      "version": "0.0.7",
      "resolved": "https://registry.npmjs.org/yakyak-sdk/-/yakyak-sdk-0.0.7.tgz",
      "integrity": "sha512-Pp/wiVwfQM0q64MUGxPQ5Tjzc5gYBRy4eScSdIx4+oFcfaZpUfIueh6XQcGNYPsn+1mbViFAaICzOAI1o4KQMQ==",
      "license": "Apache-2.0"
    }
  }
}
