{
  "name": "examples",
  "lockfileVersion": 3,
  "requires": true,
  "packages": {
    "": {
      "dependencies": {
        "yakyak-sdk": "^0.0.3"
      }
    },
    "node_modules/yakyak-sdk": {
      "version": "0.0.3",
      "resolved": "https://registry.npmjs.org/yakyak-sdk/-/yakyak-sdk-0.0.3.tgz",
      "integrity": "sha512-nabdqq6wFqjFwy0jVWV9xcI3uJ+VmfgRf73RK6EI8UhVIe1CgLKzUcGIYpr4BRPvlNh/UW1TGO0kidZy0l/acw==",
      "license": "Apache-2.0"
    }
  }
}
