{
  "name": "examples",
  "lockfileVersion": 3,
  "requires": true,
  "packages": {
    "": {
      "dependencies": {
        "yakyak-sdk": "^0.0.4"
      }
    },
    "node_modules/yakyak-sdk": {
      "version": "0.0.4",
      "resolved": "https://registry.npmjs.org/yakyak-sdk/-/yakyak-sdk-0.0.4.tgz",
      "integrity": "sha512-uvrgO+ccNHV8Ljhn65+gacmBWNlyJ1nuJ2fTEpGBFRzYdi/2e9pEzaJ9seHkhYK4LZ/i+24n03vQVHIrcXKkOQ==",
      "license": "Apache-2.0"
    }
  }
}
